<?xml version="1.0" encoding="utf-8"?>
<Project ToolsVersion="4.0" xmlns="http://schemas.microsoft.com/developer/msbuild/2003">
  <ItemGroup>
    <Filter Include="Source Files">
      <UniqueIdentifier>{4FC737F1-C7A5-4376-A066-2A32D752A2FF}</UniqueIdentifier>
      <Extensions>cpp;c;cc;cxx;c++;cppm;ixx;def;odl;idl;hpj;bat;asm;asmx</Extensions>
    </Filter>
    <Filter Include="Header Files">
      <UniqueIdentifier>{93995380-89BD-4b04-88EB-625FBE52EBFB}</UniqueIdentifier>
      <Extensions>h;hh;hpp;hxx;h++;hm;inl;inc;ipp;xsd</Extensions>
    </Filter>
    <Filter Include="Resource Files">
      <UniqueIdentifier>{67DA6AB6-F800-4c08-8B7A-83BB121AAD01}</UniqueIdentifier>
      <Extensions>rc;ico;cur;bmp;dlg;rc2;rct;bin;rgs;gif;jpg;jpeg;jpe;resx;tiff;tif;png;wav;mfcribbon-ms</Extensions>
    </Filter>
    <Filter Include="Test Header Files">
      <UniqueIdentifier>{cc8ee434-6d1c-4a55-b4ec-1f299f9c3ecd}</UniqueIdentifier>
    </Filter>
    <Filter Include="Test Source Files">
      <UniqueIdentifier>{07d9078c-c5d9-49e9-a4dd-dfd6f0c44ccd}</UniqueIdentifier>
    </Filter>
    <Filter Include="Source Files\Any">
      <UniqueIdentifier>{96e080fb-398d-4ce1-ad2a-b1a72e9f1373}</UniqueIdentifier>
    </Filter>
    <Filter Include="Source Files\Functions">
      <UniqueIdentifier>{96cc86b7-e170-4eb8-8620-6d204d4397fe}</UniqueIdentifier>
    </Filter>
    <Filter Include="Test Source Files\Any">
      <UniqueIdentifier>{5862026e-e02a-4c5b-93f5-95ab114d241c}</UniqueIdentifier>
    </Filter>
    <Filter Include="Test Source Files\Functions">
      <UniqueIdentifier>{3a2176ab-aeb4-4084-bd0e-7ee99b9b910b}</UniqueIdentifier>
    </Filter>
    <Filter Include="Header Files\Any">
      <UniqueIdentifier>{c124c8b7-cf7a-47cf-9764-1d6657d7c02f}</UniqueIdentifier>
    </Filter>
    <Filter Include="Test Header Files\Any">
      <UniqueIdentifier>{63c1ace4-873b-4687-b693-f4499ca0ea32}</UniqueIdentifier>
    </Filter>
    <Filter Include="Header Files\ViewGroupFactory">
      <UniqueIdentifier>{ee049aca-2f3a-44d7-a721-52f4bec4c8a0}</UniqueIdentifier>
    </Filter>
    <Filter Include="Source Files\ViewGroupFactory">
      <UniqueIdentifier>{dac1b5f5-00f1-4860-bd90-14d12bcf86ad}</UniqueIdentifier>
    </Filter>
    <Filter Include="Header Files\Struct">
      <UniqueIdentifier>{b065b37c-5541-4a7b-83ff-6fd9236fb592}</UniqueIdentifier>
    </Filter>
    <Filter Include="Header Files\Functions">
      <UniqueIdentifier>{72863f9d-3967-467d-960b-72be29ebd9a3}</UniqueIdentifier>
    </Filter>
    <Filter Include="Test Header Files\Functions">
      <UniqueIdentifier>{bd4bb389-5119-41ce-ac44-58ea2f8d90b2}</UniqueIdentifier>
    </Filter>
    <Filter Include="Test Resource Files">
      <UniqueIdentifier>{41fb790e-e3ba-4822-844e-4edce1dd0efd}</UniqueIdentifier>
    </Filter>
    <Filter Include="Test Resource Files\a">
      <UniqueIdentifier>{2ec48490-56ea-4f96-9d49-7e59fbe7aa8d}</UniqueIdentifier>
    </Filter>
    <Filter Include="Test Resource Files\c">
      <UniqueIdentifier>{a5531a65-cf7a-4eca-8f82-b01cd4da2dce}</UniqueIdentifier>
    </Filter>
    <Filter Include="Test Resource Files\d">
      <UniqueIdentifier>{0ff93b9e-d16c-4b27-84bd-b4db3e019058}</UniqueIdentifier>
    </Filter>
    <Filter Include="Test Resource Files\e">
      <UniqueIdentifier>{b555be63-9939-4ab9-8f8d-f0e786d75aac}</UniqueIdentifier>
    </Filter>
    <Filter Include="Test Resource Files\f">
      <UniqueIdentifier>{c5de2a2d-aa28-4e15-953b-ec9a8d188ba6}</UniqueIdentifier>
    </Filter>
    <Filter Include="Test Resource Files\g">
      <UniqueIdentifier>{c5a3d5f3-3f69-4f60-8f8d-ce0f70e900ba}</UniqueIdentifier>
    </Filter>
    <Filter Include="Test Resource Files\h">
      <UniqueIdentifier>{d657ed56-5d39-4131-a8ab-eb01156b0d9c}</UniqueIdentifier>
    </Filter>
    <Filter Include="Test Resource Files\i">
      <UniqueIdentifier>{31ff753f-4426-409f-8258-dfbdd4f24228}</UniqueIdentifier>
    </Filter>
  </ItemGroup>
  <ItemGroup>
    <ClCompile Include="src\main\Functions\main.cpp">
      <Filter>Source Files\Functions</Filter>
    </ClCompile>
    <ClCompile Include="src\test\Functions\test.cpp">
      <Filter>Test Source Files\Functions</Filter>
    </ClCompile>
    <ClCompile Include="src\main\Any\CommandLine.cpp">
      <Filter>Source Files\Any</Filter>
    </ClCompile>
    <ClCompile Include="src\test\Any\CommandLine.test.cpp">
      <Filter>Test Source Files\Any</Filter>
    </ClCompile>
    <ClCompile Include="src\main\ViewGroupFactory\FontPackerViewGroupFactory.cpp">
      <Filter>Source Files\ViewGroupFactory</Filter>
    </ClCompile>
    <ClCompile Include="src\main\Functions\util.cpp">
      <Filter>Source Files\Functions</Filter>
    </ClCompile>
    <ClCompile Include="src\test\Functions\util.test.cpp">
      <Filter>Test Source Files\Functions</Filter>
    </ClCompile>
    <ClCompile Include="src\main\Functions\cli_ext.cpp">
      <Filter>Source Files\Functions</Filter>
    </ClCompile>
    <ClCompile Include="src\test\Functions\cli_ext.test.cpp">
      <Filter>Test Source Files\Functions</Filter>
    </ClCompile>
  </ItemGroup>
  <ItemGroup>
    <ClInclude Include="src\main\Any\CommandLine.h">
      <Filter>Header Files\Any</Filter>
    </ClInclude>
    <ClInclude Include="src\main\Any\constants.h">
      <Filter>Header Files\Any</Filter>
    </ClInclude>
    <ClInclude Include="src\test\Any\CommandLine.test.h">
      <Filter>Test Header Files\Any</Filter>
    </ClInclude>
    <ClInclude Include="src\main\ViewGroupFactory\FontPackerViewGroupFactory.h">
      <Filter>Header Files\ViewGroupFactory</Filter>
    </ClInclude>
    <ClInclude Include="src\main\Struct\Glyph.h">
      <Filter>Header Files\Struct</Filter>
    </ClInclude>
    <ClInclude Include="src\main\Struct\Kerning.h">
      <Filter>Header Files\Struct</Filter>
    </ClInclude>
    <ClInclude Include="src\main\Struct\GlyphRow.h">
      <Filter>Header Files\Struct</Filter>
    </ClInclude>
    <ClInclude Include="src\main\Functions\util.h">
      <Filter>Header Files\Functions</Filter>
    </ClInclude>
    <ClInclude Include="src\test\Functions\util.test.h">
      <Filter>Test Header Files\Functions</Filter>
    </ClInclude>
    <ClInclude Include="src\main\Functions\cli_ext.h">
      <Filter>Header Files\Functions</Filter>
    </ClInclude>
    <ClInclude Include="src\test\Functions\cli_ext.test.h">
      <Filter>Test Header Files\Functions</Filter>
    </ClInclude>
  </ItemGroup>
  <ItemGroup>
    <Image Include="res\main\favicon.png">
      <Filter>Resource Files</Filter>
    </Image>
  </ItemGroup>
  <ItemGroup>
    <Font Include="res\test\a\arial.ttf">
      <Filter>Test Resource Files\a</Filter>
    </Font>
    <Font Include="res\test\a\BASKVILL.TTF">
      <Filter>Test Resource Files\a</Filter>
    </Font>
    <Font Include="res\test\a\BAUHS93.TTF">
      <Filter>Test Resource Files\a</Filter>
    </Font>
    <Font Include="res\test\d\arial.ttf">
      <Filter>Test Resource Files\d</Filter>
    </Font>
    <Font Include="res\test\e\arial.ttf">
      <Filter>Test Resource Files\e</Filter>
    </Font>
    <Font Include="res\test\g\arial.ttf">
      <Filter>Test Resource Files\g</Filter>
    </Font>
    <Font Include="res\test\g\BASKVILL.TTF">
      <Filter>Test Resource Files\g</Filter>
    </Font>
    <Font Include="res\test\h\arial.ttf">
      <Filter>Test Resource Files\h</Filter>
    </Font>
    <Font Include="res\test\h\BASKVILL.TTF">
      <Filter>Test Resource Files\h</Filter>
    </Font>
    <Font Include="res\test\i\arial.ttf">
      <Filter>Test Resource Files\i</Filter>
    </Font>
  </ItemGroup>
  <ItemGroup>
    <Text Include="res\test\c\a.txt">
      <Filter>Test Resource Files\c</Filter>
    </Text>
    <Text Include="res\test\e\a.txt">
      <Filter>Test Resource Files\e</Filter>
    </Text>
    <Text Include="res\test\f\a.txt">
      <Filter>Test Resource Files\f</Filter>
    </Text>
    <Text Include="res\test\f\b.txt">
      <Filter>Test Resource Files\f</Filter>
    </Text>
    <Text Include="res\test\h\a.txt">
      <Filter>Test Resource Files\h</Filter>
    </Text>
    <Text Include="res\test\i\a.txt">
      <Filter>Test Resource Files\i</Filter>
    </Text>
    <Text Include="res\test\i\b.txt">
      <Filter>Test Resource Files\i</Filter>
    </Text>
  </ItemGroup>
</Project>